// !$*UTF8*$!
{
	archiveVersion = 1;
	classes = {
	};
	objectVersion = 56;
	objects = {

/* Begin PBXBuildFile section */
		CE71D68529E884A0008AF050 /* AppDelegate.m in Sources */ = {isa = PBXBuildFile; fileRef = CE71D68429E884A0008AF050 /* AppDelegate.m */; };
		CE71D68829E884A0008AF050 /* SceneDelegate.m in Sources */ = {isa = PBXBuildFile; fileRef = CE71D68729E884A0008AF050 /* SceneDelegate.m */; };
		CE71D68B29E884A0008AF050 /* ViewController.m in Sources */ = {isa = PBXBuildFile; fileRef = CE71D68A29E884A0008AF050 /* ViewController.m */; };
		CE71D68E29E884A0008AF050 /* Main.storyboard in Resources */ = {isa = PBXBuildFile; fileRef = CE71D68C29E884A0008AF050 /* Main.storyboard */; };
		CE71D69029E884A2008AF050 /* Assets.xcassets in Resources */ = {isa = PBXBuildFile; fileRef = CE71D68F29E884A2008AF050 /* Assets.xcassets */; };
		CE71D69329E884A2008AF050 /* LaunchScreen.storyboard in Resources */ = {isa = PBXBuildFile; fileRef = CE71D69129E884A2008AF050 /* LaunchScreen.storyboard */; };
		CE71D69629E884A2008AF050 /* main.m in Sources */ = {isa = PBXBuildFile; fileRef = CE71D69529E884A2008AF050 /* main.m */; };
		CE71D6A029E884A2008AF050 /* WeatherAppTests.m in Sources */ = {isa = PBXBuildFile; fileRef = CE71D69F29E884A2008AF050 /* WeatherAppTests.m */; };
		CE71D6AA29E884A2008AF050 /* WeatherAppUITests.m in Sources */ = {isa = PBXBuildFile; fileRef = CE71D6A929E884A2008AF050 /* WeatherAppUITests.m */; };
		CE71D6AC29E884A2008AF050 /* WeatherAppUITestsLaunchTests.m in Sources */ = {isa = PBXBuildFile; fileRef = CE71D6AB29E884A2008AF050 /* WeatherAppUITestsLaunchTests.m */; };
/* End PBXBuildFile section */

/* Begin PBXContainerItemProxy section */
		CE71D69C29E884A2008AF050 /* PBXContainerItemProxy */ = {
			isa = PBXContainerItemProxy;
			containerPortal = CE71D67829E884A0008AF050 /* Project object */;
			proxyType = 1;
			remoteGlobalIDString = CE71D67F29E884A0008AF050;
			remoteInfo = WeatherApp;
		};
		CE71D6A629E884A2008AF050 /* PBXContainerItemProxy */ = {
			isa = PBXContainerItemProxy;
			containerPortal = CE71D67829E884A0008AF050 /* Project object */;
			proxyType = 1;
			remoteGlobalIDString = CE71D67F29E884A0008AF050;
			remoteInfo = WeatherApp;
		};
/* End PBXContainerItemProxy section */

/* Begin PBXFileReference section */
		CE71D68029E884A0008AF050 /* WeatherApp.app */ = {isa = PBXFileReference; explicitFileType = wrapper.application; includeInIndex = 0; path = WeatherApp.app; sourceTree = BUILT_PRODUCTS_DIR; };
		CE71D68329E884A0008AF050 /* AppDelegate.h */ = {isa = PBXFileReference; lastKnownFileType = sourcecode.c.h; path = AppDelegate.h; sourceTree = "<group>"; };
		CE71D68429E884A0008AF050 /* AppDelegate.m */ = {isa = PBXFileReference; lastKnownFileType = sourcecode.c.objc; path = AppDelegate.m; sourceTree = "<group>"; };
		CE71D68629E884A0008AF050 /* SceneDelegate.h */ = {isa = PBXFileReference; lastKnownFileType = sourcecode.c.h; path = SceneDelegate.h; sourceTree = "<group>"; };
		CE71D68729E884A0008AF050 /* SceneDelegate.m */ = {isa = PBXFileReference; lastKnownFileType = sourcecode.c.objc; path = SceneDelegate.m; sourceTree = "<group>"; };
		CE71D68929E884A0008AF050 /* ViewController.h */ = {isa = PBXFileReference; lastKnownFileType = sourcecode.c.h; path = ViewController.h; sourceTree = "<group>"; };
		CE71D68A29E884A0008AF050 /* ViewController.m */ = {isa = PBXFileReference; lastKnownFileType = sourcecode.c.objc; path = ViewController.m; sourceTree = "<group>"; };
		CE71D68D29E884A0008AF050 /* Base */ = {isa = PBXFileReference; lastKnownFileType = file.storyboard; name = Base; path = Base.lproj/Main.storyboard; sourceTree = "<group>"; };
		CE71D68F29E884A2008AF050 /* Assets.xcassets */ = {isa = PBXFileReference; lastKnownFileType = folder.assetcatalog; path = Assets.xcassets; sourceTree = "<group>"; };
		CE71D69229E884A2008AF050 /* Base */ = {isa = PBXFileReference; lastKnownFileType = file.storyboard; name = Base; path = Base.lproj/LaunchScreen.storyboard; sourceTree = "<group>"; };
		CE71D69429E884A2008AF050 /* Info.plist */ = {isa = PBXFileReference; lastKnownFileType = text.plist.xml; path = Info.plist; sourceTree = "<group>"; };
		CE71D69529E884A2008AF050 /* main.m */ = {isa = PBXFileReference; lastKnownFileType = sourcecode.c.objc; path = main.m; sourceTree = "<group>"; };
		CE71D69B29E884A2008AF050 /* WeatherAppTests.xctest */ = {isa = PBXFileReference; explicitFileType = wrapper.cfbundle; includeInIndex = 0; path = WeatherAppTests.xctest; sourceTree = BUILT_PRODUCTS_DIR; };
		CE71D69F29E884A2008AF050 /* WeatherAppTests.m */ = {isa = PBXFileReference; lastKnownFileType = sourcecode.c.objc; path = WeatherAppTests.m; sourceTree = "<group>"; };
		CE71D6A529E884A2008AF050 /* WeatherAppUITests.xctest */ = {isa = PBXFileReference; explicitFileType = wrapper.cfbundle; includeInIndex = 0; path = WeatherAppUITests.xctest; sourceTree = BUILT_PRODUCTS_DIR; };
		CE71D6A929E884A2008AF050 /* WeatherAppUITests.m */ = {isa = PBXFileReference; lastKnownFileType = sourcecode.c.objc; path = WeatherAppUITests.m; sourceTree = "<group>"; };
		CE71D6AB29E884A2008AF050 /* WeatherAppUITestsLaunchTests.m */ = {isa = PBXFileReference; lastKnownFileType = sourcecode.c.objc; path = WeatherAppUITestsLaunchTests.m; sourceTree = "<group>"; };
/* End PBXFileReference section */

/* Begin PBXFrameworksBuildPhase section */
		CE71D67D29E884A0008AF050 /* Frameworks */ = {
			isa = PBXFrameworksBuildPhase;
			buildActionMask = 2147483647;
			files = (
			);
			runOnlyForDeploymentPostprocessing = 0;
		};
		CE71D69829E884A2008AF050 /* Frameworks */ = {
			isa = PBXFrameworksBuildPhase;
			buildActionMask = 2147483647;
			files = (
			);
			runOnlyForDeploymentPostprocessing = 0;
		};
		CE71D6A229E884A2008AF050 /* Frameworks */ = {
			isa = PBXFrameworksBuildPhase;
			buildActionMask = 2147483647;
			files = (
			);
			runOnlyForDeploymentPostprocessing = 0;
		};
/* End PBXFrameworksBuildPhase section */

/* Begin PBXGroup section */
		CE71D67729E884A0008AF050 = {
			isa = PBXGroup;
			children = (
				CE71D68229E884A0008AF050 /* WeatherApp */,
				CE71D69E29E884A2008AF050 /* WeatherAppTests */,
				CE71D6A829E884A2008AF050 /* WeatherAppUITests */,
				CE71D68129E884A0008AF050 /* Products */,
			);
			sourceTree = "<group>";
		};
		CE71D68129E884A0008AF050 /* Products */ = {
			isa = PBXGroup;
			children = (
				CE71D68029E884A0008AF050 /* WeatherApp.app */,
				CE71D69B29E884A2008AF050 /* WeatherAppTests.xctest */,
				CE71D6A529E884A2008AF050 /* WeatherAppUITests.xctest */,
			);
			name = Products;
			sourceTree = "<group>";
		};
		CE71D68229E884A0008AF050 /* WeatherApp */ = {
			isa = PBXGroup;
			children = (
				CE71D68329E884A0008AF050 /* AppDelegate.h */,
				CE71D68429E884A0008AF050 /* AppDelegate.m */,
				CE71D68629E884A0008AF050 /* SceneDelegate.h */,
				CE71D68729E884A0008AF050 /* SceneDelegate.m */,
				CE71D68929E884A0008AF050 /* ViewController.h */,
				CE71D68A29E884A0008AF050 /* ViewController.m */,
				CE71D68C29E884A0008AF050 /* Main.storyboard */,
				CE71D68F29E884A2008AF050 /* Assets.xcassets */,
				CE71D69129E884A2008AF050 /* LaunchScreen.storyboard */,
				CE71D69429E884A2008AF050 /* Info.plist */,
				CE71D69529E884A2008AF050 /* main.m */,
			);
			path = WeatherApp;
			sourceTree = "<group>";
		};
		CE71D69E29E884A2008AF050 /* WeatherAppTests */ = {
			isa = PBXGroup;
			children = (
				CE71D69F29E884A2008AF050 /* WeatherAppTests.m */,
			);
			path = WeatherAppTests;
			sourceTree = "<group>";
		};
		CE71D6A829E884A2008AF050 /* WeatherAppUITests */ = {
			isa = PBXGroup;
			children = (
				CE71D6A929E884A2008AF050 /* WeatherAppUITests.m */,
				CE71D6AB29E884A2008AF050 /* WeatherAppUITestsLaunchTests.m */,
			);
			path = WeatherAppUITests;
			sourceTree = "<group>";
		};
/* End PBXGroup section */

/* Begin PBXNativeTarget section */
		CE71D67F29E884A0008AF050 /* WeatherApp */ = {
			isa = PBXNativeTarget;
			buildConfigurationList = CE71D6AF29E884A2008AF050 /* Build configuration list for PBXNativeTarget "WeatherApp" */;
			buildPhases = (
				CE71D67C29E884A0008AF050 /* Sources */,
				CE71D67D29E884A0008AF050 /* Frameworks */,
				CE71D67E29E884A0008AF050 /* Resources */,
			);
			buildRules = (
			);
			dependencies = (
			);
			name = WeatherApp;
			productName = WeatherApp;
			productReference = CE71D68029E884A0008AF050 /* WeatherApp.app */;
			productType = "com.apple.product-type.application";
		};
		CE71D69A29E884A2008AF050 /* WeatherAppTests */ = {
			isa = PBXNativeTarget;
			buildConfigurationList = CE71D6B229E884A2008AF050 /* Build configuration list for PBXNativeTarget "WeatherAppTests" */;
			buildPhases = (
				CE71D69729E884A2008AF050 /* Sources */,
				CE71D69829E884A2008AF050 /* Frameworks */,
				CE71D69929E884A2008AF050 /* Resources */,
			);
			buildRules = (
			);
			dependencies = (
				CE71D69D29E884A2008AF050 /* PBXTargetDependency */,
			);
			name = WeatherAppTests;
			productName = WeatherAppTests;
			productReference = CE71D69B29E884A2008AF050 /* WeatherAppTests.xctest */;
			productType = "com.apple.product-type.bundle.unit-test";
		};
		CE71D6A429E884A2008AF050 /* WeatherAppUITests */ = {
			isa = PBXNativeTarget;
			buildConfigurationList = CE71D6B529E884A2008AF050 /* Build configuration list for PBXNativeTarget "WeatherAppUITests" */;
			buildPhases = (
				CE71D6A129E884A2008AF050 /* Sources */,
				CE71D6A229E884A2008AF050 /* Frameworks */,
				CE71D6A329E884A2008AF050 /* Resources */,
			);
			buildRules = (
			);
			dependencies = (
				CE71D6A729E884A2008AF050 /* PBXTargetDependency */,
			);
			name = WeatherAppUITests;
			productName = WeatherAppUITests;
			productReference = CE71D6A529E884A2008AF050 /* WeatherAppUITests.xctest */;
			productType = "com.apple.product-type.bundle.ui-testing";
		};
/* End PBXNativeTarget section */

/* Begin PBXProject section */
		CE71D67829E884A0008AF050 /* Project object */ = {
			isa = PBXProject;
			attributes = {
				BuildIndependentTargetsInParallel = 1;
				LastUpgradeCheck = 1420;
				TargetAttributes = {
					CE71D67F29E884A0008AF050 = {
						CreatedOnToolsVersion = 14.2;
					};
					CE71D69A29E884A2008AF050 = {
						CreatedOnToolsVersion = 14.2;
						TestTargetID = CE71D67F29E884A0008AF050;
					};
					CE71D6A429E884A2008AF050 = {
						CreatedOnToolsVersion = 14.2;
						TestTargetID = CE71D67F29E884A0008AF050;
					};
				};
			};
			buildConfigurationList = CE71D67B29E884A0008AF050 /* Build configuration list for PBXProject "WeatherApp" */;
			compatibilityVersion = "Xcode 14.0";
			developmentRegion = en;
			hasScannedForEncodings = 0;
			knownRegions = (
				en,
				Base,
			);
			mainGroup = CE71D67729E884A0008AF050;
			productRefGroup = CE71D68129E884A0008AF050 /* Products */;
			projectDirPath = "";
			projectRoot = "";
			targets = (
				CE71D67F29E884A0008AF050 /* WeatherApp */,
				CE71D69A29E884A2008AF050 /* WeatherAppTests */,
				CE71D6A429E884A2008AF050 /* WeatherAppUITests */,
			);
		};
/* End PBXProject section */

/* Begin PBXResourcesBuildPhase section */
		CE71D67E29E884A0008AF050 /* Resources */ = {
			isa = PBXResourcesBuildPhase;
			buildActionMask = 2147483647;
			files = (
				CE71D69329E884A2008AF050 /* LaunchScreen.storyboard in Resources */,
				CE71D69029E884A2008AF050 /* Assets.xcassets in Resources */,
				CE71D68E29E884A0008AF050 /* Main.storyboard in Resources */,
			);
			runOnlyForDeploymentPostprocessing = 0;
		};
		CE71D69929E884A2008AF050 /* Resources */ = {
			isa = PBXResourcesBuildPhase;
			buildActionMask = 2147483647;
			files = (
			);
			runOnlyForDeploymentPostprocessing = 0;
		};
		CE71D6A329E884A2008AF050 /* Resources */ = {
			isa = PBXResourcesBuildPhase;
			buildActionMask = 2147483647;
			files = (
			);
			runOnlyForDeploymentPostprocessing = 0;
		};
/* End PBXResourcesBuildPhase section */

/* Begin PBXSourcesBuildPhase section */
		CE71D67C29E884A0008AF050 /* Sources */ = {
			isa = PBXSourcesBuildPhase;
			buildActionMask = 2147483647;
			files = (
				CE71D68B29E884A0008AF050 /* ViewController.m in Sources */,
				CE71D68529E884A0008AF050 /* AppDelegate.m in Sources */,
				CE71D69629E884A2008AF050 /* main.m in Sources */,
				CE71D68829E884A0008AF050 /* SceneDelegate.m in Sources */,
			);
			runOnlyForDeploymentPostprocessing = 0;
		};
		CE71D69729E884A2008AF050 /* Sources */ = {
			isa = PBXSourcesBuildPhase;
			buildActionMask = 2147483647;
			files = (
				CE71D6A029E884A2008AF050 /* WeatherAppTests.m in Sources */,
			);
			runOnlyForDeploymentPostprocessing = 0;
		};
		CE71D6A129E884A2008AF050 /* Sources */ = {
			isa = PBXSourcesBuildPhase;
			buildActionMask = 2147483647;
			files = (
				CE71D6AA29E884A2008AF050 /* WeatherAppUITests.m in Sources */,
				CE71D6AC29E884A2008AF050 /* WeatherAppUITestsLaunchTests.m in Sources */,
			);
			runOnlyForDeploymentPostprocessing = 0;
		};
/* End PBXSourcesBuildPhase section */

/* Begin PBXTargetDependency section */
		CE71D69D29E884A2008AF050 /* PBXTargetDependency */ = {
			isa = PBXTargetDependency;
			target = CE71D67F29E884A0008AF050 /* WeatherApp */;
			targetProxy = CE71D69C29E884A2008AF050 /* PBXContainerItemProxy */;
		};
		CE71D6A729E884A2008AF050 /* PBXTargetDependency */ = {
			isa = PBXTargetDependency;
			target = CE71D67F29E884A0008AF050 /* WeatherApp */;
			targetProxy = CE71D6A629E884A2008AF050 /* PBXContainerItemProxy */;
		};
/* End PBXTargetDependency section */

/* Begin PBXVariantGroup section */
		CE71D68C29E884A0008AF050 /* Main.storyboard */ = {
			isa = PBXVariantGroup;
			children = (
				CE71D68D29E884A0008AF050 /* Base */,
			);
			name = Main.storyboard;
			sourceTree = "<group>";
		};
		CE71D69129E884A2008AF050 /* LaunchScreen.storyboard */ = {
			isa = PBXVariantGroup;
			children = (
				CE71D69229E884A2008AF050 /* Base */,
			);
			name = LaunchScreen.storyboard;
			sourceTree = "<group>";
		};
/* End PBXVariantGroup section */

/* Begin XCBuildConfiguration section */
		CE71D6AD29E884A2008AF050 /* Debug */ = {
			isa = XCBuildConfiguration;
			buildSettings = {
				ALWAYS_SEARCH_USER_PATHS = NO;
				CLANG_ANALYZER_NONNULL = YES;
				CLANG_ANALYZER_NUMBER_OBJECT_CONVERSION = YES_AGGRESSIVE;
				CLANG_CXX_LANGUAGE_STANDARD = "gnu++20";
				CLANG_ENABLE_MODULES = YES;
				CLANG_ENABLE_OBJC_ARC = YES;
				CLANG_ENABLE_OBJC_WEAK = YES;
				CLANG_WARN_BLOCK_CAPTURE_AUTORELEASING = YES;
				CLANG_WARN_BOOL_CONVERSION = YES;
				CLANG_WARN_COMMA = YES;
				CLANG_WARN_CONSTANT_CONVERSION = YES;
				CLANG_WARN_DEPRECATED_OBJC_IMPLEMENTATIONS = YES;
				CLANG_WARN_DIRECT_OBJC_ISA_USAGE = YES_ERROR;
				CLANG_WARN_DOCUMENTATION_COMMENTS = YES;
				CLANG_WARN_EMPTY_BODY = YES;
				CLANG_WARN_ENUM_CONVERSION = YES;
				CLANG_WARN_INFINITE_RECURSION = YES;
				CLANG_WARN_INT_CONVERSION = YES;
				CLANG_WARN_NON_LITERAL_NULL_CONVERSION = YES;
				CLANG_WARN_OBJC_IMPLICIT_RETAIN_SELF = YES;
				CLANG_WARN_OBJC_LITERAL_CONVERSION = YES;
				CLANG_WARN_OBJC_ROOT_CLASS = YES_ERROR;
				CLANG_WARN_QUOTED_INCLUDE_IN_FRAMEWORK_HEADER = YES;
				CLANG_WARN_RANGE_LOOP_ANALYSIS = YES;
				CLANG_WARN_STRICT_PROTOTYPES = YES;
				CLANG_WARN_SUSPICIOUS_MOVE = YES;
				CLANG_WARN_UNGUARDED_AVAILABILITY = YES_AGGRESSIVE;
				CLANG_WARN_UNREACHABLE_CODE = YES;
				CLANG_WARN__DUPLICATE_METHOD_MATCH = YES;
				COPY_PHASE_STRIP = NO;
				DEBUG_INFORMATION_FORMAT = dwarf;
				ENABLE_STRICT_OBJC_MSGSEND = YES;
				ENABLE_TESTABILITY = YES;
				GCC_C_LANGUAGE_STANDARD = gnu11;
				GCC_DYNAMIC_NO_PIC = NO;
				GCC_NO_COMMON_BLOCKS = YES;
				GCC_OPTIMIZATION_LEVEL = 0;
				GCC_PREPROCESSOR_DEFINITIONS = (
					"DEBUG=1",
					"$(inherited)",
				);
				GCC_WARN_64_TO_32_BIT_CONVERSION = YES;
				GCC_WARN_ABOUT_RETURN_TYPE = YES_ERROR;
				GCC_WARN_UNDECLARED_SELECTOR = YES;
				GCC_WARN_UNINITIALIZED_AUTOS = YES_AGGRESSIVE;
				GCC_WARN_UNUSED_FUNCTION = YES;
				GCC_WARN_UNUSED_VARIABLE = YES;
				IPHONEOS_DEPLOYMENT_TARGET = 16.2;
				MTL_ENABLE_DEBUG_INFO = INCLUDE_SOURCE;
				MTL_FAST_MATH = YES;
				ONLY_ACTIVE_ARCH = YES;
				SDKROOT = iphoneos;
			};
			name = Debug;
		};
		CE71D6AE29E884A2008AF050 /* Release */ = {
			isa = XCBuildConfiguration;
			buildSettings = {
				ALWAYS_SEARCH_USER_PATHS = NO;
				CLANG_ANALYZER_NONNULL = YES;
				CLANG_ANALYZER_NUMBER_OBJECT_CONVERSION = YES_AGGRESSIVE;
				CLANG_CXX_LANGUAGE_STANDARD = "gnu++20";
				CLANG_ENABLE_MODULES = YES;
				CLANG_ENABLE_OBJC_ARC = YES;
				CLANG_ENABLE_OBJC_WEAK = YES;
				CLANG_WARN_BLOCK_CAPTURE_AUTORELEASING = YES;
				CLANG_WARN_BOOL_CONVERSION = YES;
				CLANG_WARN_COMMA = YES;
				CLANG_WARN_CONSTANT_CONVERSION = YES;
				CLANG_WARN_DEPRECATED_OBJC_IMPLEMENTATIONS = YES;
				CLANG_WARN_DIRECT_OBJC_ISA_USAGE = YES_ERROR;
				CLANG_WARN_DOCUMENTATION_COMMENTS = YES;
				CLANG_WARN_EMPTY_BODY = YES;
				CLANG_WARN_ENUM_CONVERSION = YES;
				CLANG_WARN_INFINITE_RECURSION = YES;
				CLANG_WARN_INT_CONVERSION = YES;
				CLANG_WARN_NON_LITERAL_NULL_CONVERSION = YES;
				CLANG_WARN_OBJC_IMPLICIT_RETAIN_SELF = YES;
				CLANG_WARN_OBJC_LITERAL_CONVERSION = YES;
				CLANG_WARN_OBJC_ROOT_CLASS = YES_ERROR;
				CLANG_WARN_QUOTED_INCLUDE_IN_FRAMEWORK_HEADER = YES;
				CLANG_WARN_RANGE_LOOP_ANALYSIS = YES;
				CLANG_WARN_STRICT_PROTOTYPES = YES;
				CLANG_WARN_SUSPICIOUS_MOVE = YES;
				CLANG_WARN_UNGUARDED_AVAILABILITY = YES_AGGRESSIVE;
				CLANG_WARN_UNREACHABLE_CODE = YES;
				CLANG_WARN__DUPLICATE_METHOD_MATCH = YES;
				COPY_PHASE_STRIP = NO;
				DEBUG_INFORMATION_FORMAT = "dwarf-with-dsym";
				ENABLE_NS_ASSERTIONS = NO;
				ENABLE_STRICT_OBJC_MSGSEND = YES;
				GCC_C_LANGUAGE_STANDARD = gnu11;
				GCC_NO_COMMON_BLOCKS = YES;
				GCC_WARN_64_TO_32_BIT_CONVERSION = YES;
				GCC_WARN_ABOUT_RETURN_TYPE = YES_ERROR;
				GCC_WARN_UNDECLARED_SELECTOR = YES;
				GCC_WARN_UNINITIALIZED_AUTOS = YES_AGGRESSIVE;
				GCC_WARN_UNUSED_FUNCTION = YES;
				GCC_WARN_UNUSED_VARIABLE = YES;
				IPHONEOS_DEPLOYMENT_TARGET = 16.2;
				MTL_ENABLE_DEBUG_INFO = NO;
				MTL_FAST_MATH = YES;
				SDKROOT = iphoneos;
				VALIDATE_PRODUCT = YES;
			};
			name = Release;
		};
		CE71D6B029E884A2008AF050 /* Debug */ = {
			isa = XCBuildConfiguration;
			buildSettings = {
				ASSETCATALOG_COMPILER_APPICON_NAME = AppIcon;
				ASSETCATALOG_COMPILER_GLOBAL_ACCENT_COLOR_NAME = AccentColor;
				CODE_SIGN_STYLE = Automatic;
				CURRENT_PROJECT_VERSION = 1;
				DEVELOPMENT_TEAM = CB87KR64WP;
				GENERATE_INFOPLIST_FILE = YES;
				INFOPLIST_FILE = WeatherApp/Info.plist;
				INFOPLIST_KEY_UIApplicationSupportsIndirectInputEvents = YES;
				INFOPLIST_KEY_UILaunchStoryboardName = LaunchScreen;
				INFOPLIST_KEY_UIMainStoryboardFile = Main;
				INFOPLIST_KEY_UISupportedInterfaceOrientations_iPad = "UIInterfaceOrientationPortrait UIInterfaceOrientationPortraitUpsideDown UIInterfaceOrientationLandscapeLeft UIInterfaceOrientationLandscapeRight";
				INFOPLIST_KEY_UISupportedInterfaceOrientations_iPhone = "UIInterfaceOrientationPortrait UIInterfaceOrientationLandscapeLeft UIInterfaceOrientationLandscapeRight";
				LD_RUNPATH_SEARCH_PATHS = (
					"$(inherited)",
					"@executable_path/Frameworks",
				);
				MARKETING_VERSION = 1.0;
				PRODUCT_BUNDLE_IDENTIFIER = praveen.WeatherApp;
				PRODUCT_NAME = "$(TARGET_NAME)";
				SWIFT_EMIT_LOC_STRINGS = YES;
				TARGETED_DEVICE_FAMILY = "1,2";
			};
			name = Debug;
		};
		CE71D6B129E884A2008AF050 /* Release */ = {
			isa = XCBuildConfiguration;
			buildSettings = {
				ASSETCATALOG_COMPILER_APPICON_NAME = AppIcon;
				ASSETCATALOG_COMPILER_GLOBAL_ACCENT_COLOR_NAME = AccentColor;
				CODE_SIGN_STYLE = Automatic;
				CURRENT_PROJECT_VERSION = 1;
				DEVELOPMENT_TEAM = CB87KR64WP;
				GENERATE_INFOPLIST_FILE = YES;
				INFOPLIST_FILE = WeatherApp/Info.plist;
				INFOPLIST_KEY_UIApplicationSupportsIndirectInputEvents = YES;
				INFOPLIST_KEY_UILaunchStoryboardName = LaunchScreen;
				INFOPLIST_KEY_UIMainStoryboardFile = Main;
				INFOPLIST_KEY_UISupportedInterfaceOrientations_iPad = "UIInterfaceOrientationPortrait UIInterfaceOrientationPortraitUpsideDown UIInterfaceOrientationLandscapeLeft UIInterfaceOrientationLandscapeRight";
				INFOPLIST_KEY_UISupportedInterfaceOrientations_iPhone = "UIInterfaceOrientationPortrait UIInterfaceOrientationLandscapeLeft UIInterfaceOrientationLandscapeRight";
				LD_RUNPATH_SEARCH_PATHS = (
					"$(inherited)",
					"@executable_path/Frameworks",
				);
				MARKETING_VERSION = 1.0;
				PRODUCT_BUNDLE_IDENTIFIER = praveen.WeatherApp;
				PRODUCT_NAME = "$(TARGET_NAME)";
				SWIFT_EMIT_LOC_STRINGS = YES;
				TARGETED_DEVICE_FAMILY = "1,2";
			};
			name = Release;
		};
		CE71D6B329E884A2008AF050 /* Debug */ = {
			isa = XCBuildConfiguration;
			buildSettings = {
				BUNDLE_LOADER = "$(TEST_HOST)";
				CODE_SIGN_STYLE = Automatic;
				CURRENT_PROJECT_VERSION = 1;
				DEVELOPMENT_TEAM = CB87KR64WP;
				GENERATE_INFOPLIST_FILE = YES;
				IPHONEOS_DEPLOYMENT_TARGET = 16.2;
				MARKETING_VERSION = 1.0;
				PRODUCT_BUNDLE_IDENTIFIER = praveen.WeatherAppTests;
				PRODUCT_NAME = "$(TARGET_NAME)";
				SWIFT_EMIT_LOC_STRINGS = NO;
				TARGETED_DEVICE_FAMILY = "1,2";
				TEST_HOST = "$(BUILT_PRODUCTS_DIR)/WeatherApp.app/$(BUNDLE_EXECUTABLE_FOLDER_PATH)/WeatherApp";
			};
			name = Debug;
		};
		CE71D6B429E884A2008AF050 /* Release */ = {
			isa = XCBuildConfiguration;
			buildSettings = {
				BUNDLE_LOADER = "$(TEST_HOST)";
				CODE_SIGN_STYLE = Automatic;
				CURRENT_PROJECT_VERSION = 1;
				DEVELOPMENT_TEAM = CB87KR64WP;
				GENERATE_INFOPLIST_FILE = YES;
				IPHONEOS_DEPLOYMENT_TARGET = 16.2;
				MARKETING_VERSION = 1.0;
				PRODUCT_BUNDLE_IDENTIFIER = praveen.WeatherAppTests;
				PRODUCT_NAME = "$(TARGET_NAME)";
				SWIFT_EMIT_LOC_STRINGS = NO;
				TARGETED_DEVICE_FAMILY = "1,2";
				TEST_HOST = "$(BUILT_PRODUCTS_DIR)/WeatherApp.app/$(BUNDLE_EXECUTABLE_FOLDER_PATH)/WeatherApp";
			};
			name = Release;
		};
		CE71D6B629E884A2008AF050 /* Debug */ = {
			isa = XCBuildConfiguration;
			buildSettings = {
				CODE_SIGN_STYLE = Automatic;
				CURRENT_PROJECT_VERSION = 1;
				DEVELOPMENT_TEAM = CB87KR64WP;
				GENERATE_INFOPLIST_FILE = YES;
				MARKETING_VERSION = 1.0;
				PRODUCT_BUNDLE_IDENTIFIER = praveen.WeatherAppUITests;
				PRODUCT_NAME = "$(TARGET_NAME)";
				SWIFT_EMIT_LOC_STRINGS = NO;
				TARGETED_DEVICE_FAMILY = "1,2";
				TEST_TARGET_NAME = WeatherApp;
			};
			name = Debug;
		};
		CE71D6B729E884A2008AF050 /* Release */ = {
			isa = XCBuildConfiguration;
			buildSettings = {
				CODE_SIGN_STYLE = Automatic;
				CURRENT_PROJECT_VERSION = 1;
				DEVELOPMENT_TEAM = CB87KR64WP;
				GENERATE_INFOPLIST_FILE = YES;
				MARKETING_VERSION = 1.0;
				PRODUCT_BUNDLE_IDENTIFIER = praveen.WeatherAppUITests;
				PRODUCT_NAME = "$(TARGET_NAME)";
				SWIFT_EMIT_LOC_STRINGS = NO;
				TARGETED_DEVICE_FAMILY = "1,2";
				TEST_TARGET_NAME = WeatherApp;
			};
			name = Release;
		};
/* End XCBuildConfiguration section */

/* Begin XCConfigurationList section */
		CE71D67B29E884A0008AF050 /* Build configuration list for PBXProject "WeatherApp" */ = {
			isa = XCConfigurationList;
			buildConfigurations = (
				CE71D6AD29E884A2008AF050 /* Debug */,
				CE71D6AE29E884A2008AF050 /* Release */,
			);
			defaultConfigurationIsVisible = 0;
			defaultConfigurationName = Release;
		};
		CE71D6AF29E884A2008AF050 /* Build configuration list for PBXNativeTarget "WeatherApp" */ = {
			isa = XCConfigurationList;
			buildConfigurations = (
				CE71D6B029E884A2008AF050 /* Debug */,
				CE71D6B129E884A2008AF050 /* Release */,
			);
			defaultConfigurationIsVisible = 0;
			defaultConfigurationName = Release;
		};
		CE71D6B229E884A2008AF050 /* Build configuration list for PBXNativeTarget "WeatherAppTests" */ = {
			isa = XCConfigurationList;
			buildConfigurations = (
				CE71D6B329E884A2008AF050 /* Debug */,
				CE71D6B429E884A2008AF050 /* Release */,
			);
			defaultConfigurationIsVisible = 0;
			defaultConfigurationName = Release;
		};
		CE71D6B529E884A2008AF050 /* Build configuration list for PBXNativeTarget "WeatherAppUITests" */ = {
			isa = XCConfigurationList;
			buildConfigurations = (
				CE71D6B629E884A2008AF050 /* Debug */,
				CE71D6B729E884A2008AF050 /* Release */,
			);
			defaultConfigurationIsVisible = 0;
			defaultConfigurationName = Release;
		};
/* End XCConfigurationList section */
	};
	rootObject = CE71D67829E884A0008AF050 /* Project object */;
}
